{
  "name": "LEarning",
  "lockfileVersion": 2,
  "requires": true,
  "packages": {
    "": {
      "dependencies": {
        "country-json": "^1.1.2"
      }
    },
    "node_modules/country-json": {
      "version": "1.1.2",
      "resolved": "https://registry.npmjs.org/country-json/-/country-json-1.1.2.tgz",
      "integrity": "sha512-LLeN2f0/VuTUNBO3VyccJ319PJMNCf+tSbvQnmHkTZpG4yP9WMj82Y9Uj4m9+SVr1lb/jc7XL+fX12Cdr63XjQ=="
    }
  },
  "dependencies": {
    "country-json": {
      "version": "1.1.2",
      "resolved": "https://registry.npmjs.org/country-json/-/country-json-1.1.2.tgz",
      "integrity": "sha512-LLeN2f0/VuTUNBO3VyccJ319PJMNCf+tSbvQnmHkTZpG4yP9WMj82Y9Uj4m9+SVr1lb/jc7XL+fX12Cdr63XjQ=="
    }
  }
}
